// !$*UTF8*$!
{
	archiveVersion = 1;
	classes = {
	};
	objectVersion = 77;
	objects = {

/* Begin PBXBuildFile section */
		F22F21522F4DBA2600A7551A /* Assets.xcassets in Resources */ = {isa = PBXBuildFile; fileRef = F22F214D2F4DBA2600A7551A /* Assets.xcassets */; };
		F22F21532F4DBA2600A7551A /* FinanceStore.swift in Sources */ = {isa = PBXBuildFile; fileRef = F22F21472F4DBA2600A7551A /* FinanceStore.swift */; };
		F22F21542F4DBA2600A7551A /* FinancePanelApp.swift in Sources */ = {isa = PBXBuildFile; fileRef = F22F21492F4DBA2600A7551A /* FinancePanelApp.swift */; };
		F22F21552F4DBA2600A7551A /* Expense.swift in Sources */ = {isa = PBXBuildFile; fileRef = F22F214B2F4DBA2600A7551A /* Expense.swift */; };
		F22F21562F4DBA2600A7551A /* MainDashboard.swift in Sources */ = {isa = PBXBuildFile; fileRef = F22F214F2F4DBA2600A7551A /* MainDashboard.swift */; };
		F22F21592F4DBA2B00A7551A /* FinancePanelTests.swift in Sources */ = {isa = PBXBuildFile; fileRef = F22F21572F4DBA2B00A7551A /* FinancePanelTests.swift */; };
		F22F215D2F4DBA2F00A7551A /* FinancePanelUITests.swift in Sources */ = {isa = PBXBuildFile; fileRef = F22F215A2F4DBA2F00A7551A /* FinancePanelUITests.swift */; };
		F22F215E2F4DBA2F00A7551A /* FinancePanelUITestsLaunchTests.swift in Sources */ = {isa = PBXBuildFile; fileRef = F22F215B2F4DBA2F00A7551A /* FinancePanelUITestsLaunchTests.swift */; };
		F22F21602F4DBC5600A7551A /* ExpenseListView.swift in Sources */ = {isa = PBXBuildFile; fileRef = F22F215F2F4DBC5600A7551A /* ExpenseListView.swift */; };
		F22F21622F4DBD6C00A7551A /* SummeryCardView.swift in Sources */ = {isa = PBXBuildFile; fileRef = F22F21612F4DBD6B00A7551A /* SummeryCardView.swift */; };
		F22F21642F4DC09E00A7551A /* AddExpenseView.swift in Sources */ = {isa = PBXBuildFile; fileRef = F22F21632F4DC09E00A7551A /* AddExpenseView.swift */; };
		F22F21662F4DC3A300A7551A /* ChartView.swift in Sources */ = {isa = PBXBuildFile; fileRef = F22F21652F4DC3A300A7551A /* ChartView.swift */; };
		F22F21682F4DE4A700A7551A /* FilterView.swift in Sources */ = {isa = PBXBuildFile; fileRef = F22F21672F4DE4A600A7551A /* FilterView.swift */; };
		F2FAD9BE2F4F1321006C31ED /* AuthManager.swift in Sources */ = {isa = PBXBuildFile; fileRef = F2FAD9BD2F4F1321006C31ED /* AuthManager.swift */; };
		F2FAD9C02F4F13CE006C31ED /* AuthView.swift in Sources */ = {isa = PBXBuildFile; fileRef = F2FAD9BF2F4F13CE006C31ED /* AuthView.swift */; };
		F2FAD9C22F4F21D0006C31ED /* SettingsView.swift in Sources */ = {isa = PBXBuildFile; fileRef = F2FAD9C12F4F21D0006C31ED /* SettingsView.swift */; };
		F2FAD9C62F4F2BA3006C31ED /* SplashView.swift in Sources */ = {isa = PBXBuildFile; fileRef = F2FAD9C52F4F2BA3006C31ED /* SplashView.swift */; };
/* End PBXBuildFile section */

/* Begin PBXContainerItemProxy section */
		F22F211F2F4DB86D00A7551A /* PBXContainerItemProxy */ = {
			isa = PBXContainerItemProxy;
			containerPortal = F22F21092F4DB86B00A7551A /* Project object */;
			proxyType = 1;
			remoteGlobalIDString = F22F21102F4DB86B00A7551A;
			remoteInfo = FinancePanel;
		};
		F22F21292F4DB86D00A7551A /* PBXContainerItemProxy */ = {
			isa = PBXContainerItemProxy;
			containerPortal = F22F21092F4DB86B00A7551A /* Project object */;
			proxyType = 1;
			remoteGlobalIDString = F22F21102F4DB86B00A7551A;
			remoteInfo = FinancePanel;
		};
/* End PBXContainerItemProxy section */

/* Begin PBXFileReference section */
		F22F21112F4DB86B00A7551A /* FinancePanel.app */ = {isa = PBXFileReference; explicitFileType = wrapper.application; includeInIndex = 0; path = FinancePanel.app; sourceTree = BUILT_PRODUCTS_DIR; };
		F22F211E2F4DB86D00A7551A /* FinancePanelTests.xctest */ = {isa = PBXFileReference; explicitFileType = wrapper.cfbundle; includeInIndex = 0; path = FinancePanelTests.xctest; sourceTree = BUILT_PRODUCTS_DIR; };
		F22F21282F4DB86D00A7551A /* FinancePanelUITests.xctest */ = {isa = PBXFileReference; explicitFileType = wrapper.cfbundle; includeInIndex = 0; path = FinancePanelUITests.xctest; sourceTree = BUILT_PRODUCTS_DIR; };
		F22F21472F4DBA2600A7551A /* FinanceStore.swift */ = {isa = PBXFileReference; lastKnownFileType = sourcecode.swift; path = FinanceStore.swift; sourceTree = "<group>"; };
		F22F21492F4DBA2600A7551A /* FinancePanelApp.swift */ = {isa = PBXFileReference; lastKnownFileType = sourcecode.swift; path = FinancePanelApp.swift; sourceTree = "<group>"; };
		F22F214B2F4DBA2600A7551A /* Expense.swift */ = {isa = PBXFileReference; lastKnownFileType = sourcecode.swift; path = Expense.swift; sourceTree = "<group>"; };
		F22F214D2F4DBA2600A7551A /* Assets.xcassets */ = {isa = PBXFileReference; lastKnownFileType = folder.assetcatalog; path = Assets.xcassets; sourceTree = "<group>"; };
		F22F214F2F4DBA2600A7551A /* MainDashboard.swift */ = {isa = PBXFileReference; lastKnownFileType = sourcecode.swift; path = MainDashboard.swift; sourceTree = "<group>"; };
		F22F21572F4DBA2B00A7551A /* FinancePanelTests.swift */ = {isa = PBXFileReference; lastKnownFileType = sourcecode.swift; path = FinancePanelTests.swift; sourceTree = "<group>"; };
		F22F215A2F4DBA2F00A7551A /* FinancePanelUITests.swift */ = {isa = PBXFileReference; lastKnownFileType = sourcecode.swift; path = FinancePanelUITests.swift; sourceTree = "<group>"; };
		F22F215B2F4DBA2F00A7551A /* FinancePanelUITestsLaunchTests.swift */ = {isa = PBXFileReference; lastKnownFileType = sourcecode.swift; path = FinancePanelUITestsLaunchTests.swift; sourceTree = "<group>"; };
		F22F215F2F4DBC5600A7551A /* ExpenseListView.swift */ = {isa = PBXFileReference; lastKnownFileType = sourcecode.swift; path = ExpenseListView.swift; sourceTree = "<group>"; };
		F22F21612F4DBD6B00A7551A /* SummeryCardView.swift */ = {isa = PBXFileReference; lastKnownFileType = sourcecode.swift; path = SummeryCardView.swift; sourceTree = "<group>"; };
		F22F21632F4DC09E00A7551A /* AddExpenseView.swift */ = {isa = PBXFileReference; lastKnownFileType = sourcecode.swift; path = AddExpenseView.swift; sourceTree = "<group>"; };
		F22F21652F4DC3A300A7551A /* ChartView.swift */ = {isa = PBXFileReference; lastKnownFileType = sourcecode.swift; path = ChartView.swift; sourceTree = "<group>"; };
		F22F21672F4DE4A600A7551A /* FilterView.swift */ = {isa = PBXFileReference; lastKnownFileType = sourcecode.swift; path = FilterView.swift; sourceTree = "<group>"; };
		F2FAD9BD2F4F1321006C31ED /* AuthManager.swift */ = {isa = PBXFileReference; lastKnownFileType = sourcecode.swift; path = AuthManager.swift; sourceTree = "<group>"; };
		F2FAD9BF2F4F13CE006C31ED /* AuthView.swift */ = {isa = PBXFileReference; lastKnownFileType = sourcecode.swift; path = AuthView.swift; sourceTree = "<group>"; };
		F2FAD9C12F4F21D0006C31ED /* SettingsView.swift */ = {isa = PBXFileReference; lastKnownFileType = sourcecode.swift; path = SettingsView.swift; sourceTree = "<group>"; };
		F2FAD9C52F4F2BA3006C31ED /* SplashView.swift */ = {isa = PBXFileReference; lastKnownFileType = sourcecode.swift; path = SplashView.swift; sourceTree = "<group>"; };
/* End PBXFileReference section */

/* Begin PBXFrameworksBuildPhase section */
		F22F210E2F4DB86B00A7551A /* Frameworks */ = {
			isa = PBXFrameworksBuildPhase;
			buildActionMask = 2147483647;
			files = (
			);
			runOnlyForDeploymentPostprocessing = 0;
		};
		F22F211B2F4DB86D00A7551A /* Frameworks */ = {
			isa = PBXFrameworksBuildPhase;
			buildActionMask = 2147483647;
			files = (
			);
			runOnlyForDeploymentPostprocessing = 0;
		};
		F22F21252F4DB86D00A7551A /* Frameworks */ = {
			isa = PBXFrameworksBuildPhase;
			buildActionMask = 2147483647;
			files = (
			);
			runOnlyForDeploymentPostprocessing = 0;
		};
/* End PBXFrameworksBuildPhase section */

/* Begin PBXGroup section */
		F22F21082F4DB86B00A7551A = {
			isa = PBXGroup;
			children = (
				F22F21512F4DBA2600A7551A /* FinancePanel */,
				F22F21582F4DBA2B00A7551A /* FinancePanelTests */,
				F22F215C2F4DBA2F00A7551A /* FinancePanelUITests */,
				F22F21122F4DB86B00A7551A /* Products */,
			);
			sourceTree = "<group>";
		};
		F22F21122F4DB86B00A7551A /* Products */ = {
			isa = PBXGroup;
			children = (
				F22F21112F4DB86B00A7551A /* FinancePanel.app */,
				F22F211E2F4DB86D00A7551A /* FinancePanelTests.xctest */,
				F22F21282F4DB86D00A7551A /* FinancePanelUITests.xctest */,
			);
			name = Products;
			sourceTree = "<group>";
		};
		F22F21482F4DBA2600A7551A /* DataStore */ = {
			isa = PBXGroup;
			children = (
				F22F21472F4DBA2600A7551A /* FinanceStore.swift */,
				F2FAD9BD2F4F1321006C31ED /* AuthManager.swift */,
			);
			path = DataStore;
			sourceTree = "<group>";
		};
		F22F214A2F4DBA2600A7551A /* Lifecycle */ = {
			isa = PBXGroup;
			children = (
				F22F21492F4DBA2600A7551A /* FinancePanelApp.swift */,
			);
			path = Lifecycle;
			sourceTree = "<group>";
		};
		F22F214C2F4DBA2600A7551A /* Models */ = {
			isa = PBXGroup;
			children = (
				F22F214B2F4DBA2600A7551A /* Expense.swift */,
			);
			path = Models;
			sourceTree = "<group>";
		};
		F22F214E2F4DBA2600A7551A /* Resources */ = {
			isa = PBXGroup;
			children = (
				F22F214D2F4DBA2600A7551A /* Assets.xcassets */,
			);
			path = Resources;
			sourceTree = "<group>";
		};
		F22F21502F4DBA2600A7551A /* Views */ = {
			isa = PBXGroup;
			children = (
				F2FAD9C42F4F2B99006C31ED /* SplashView */,
				F2FAD9C92F4F2BDA006C31ED /* AuthView */,
				F2FAD9C72F4F2BB5006C31ED /* MainView */,
				F2FAD9C82F4F2BC6006C31ED /* SettingsView */,
			);
			path = Views;
			sourceTree = "<group>";
		};
		F22F21512F4DBA2600A7551A /* FinancePanel */ = {
			isa = PBXGroup;
			children = (
				F22F214A2F4DBA2600A7551A /* Lifecycle */,
				F22F214E2F4DBA2600A7551A /* Resources */,
				F22F21482F4DBA2600A7551A /* DataStore */,
				F22F214C2F4DBA2600A7551A /* Models */,
				F22F21502F4DBA2600A7551A /* Views */,
			);
			path = FinancePanel;
			sourceTree = "<group>";
		};
		F22F21582F4DBA2B00A7551A /* FinancePanelTests */ = {
			isa = PBXGroup;
			children = (
				F22F21572F4DBA2B00A7551A /* FinancePanelTests.swift */,
			);
			path = FinancePanelTests;
			sourceTree = "<group>";
		};
		F22F215C2F4DBA2F00A7551A /* FinancePanelUITests */ = {
			isa = PBXGroup;
			children = (
				F22F215A2F4DBA2F00A7551A /* FinancePanelUITests.swift */,
				F22F215B2F4DBA2F00A7551A /* FinancePanelUITestsLaunchTests.swift */,
			);
			path = FinancePanelUITests;
			sourceTree = "<group>";
		};
		F2FAD9C42F4F2B99006C31ED /* SplashView */ = {
			isa = PBXGroup;
			children = (
				F2FAD9C52F4F2BA3006C31ED /* SplashView.swift */,
			);
			path = SplashView;
			sourceTree = "<group>";
		};
		F2FAD9C72F4F2BB5006C31ED /* MainView */ = {
			isa = PBXGroup;
			children = (
				F22F214F2F4DBA2600A7551A /* MainDashboard.swift */,
				F22F215F2F4DBC5600A7551A /* ExpenseListView.swift */,
				F22F21612F4DBD6B00A7551A /* SummeryCardView.swift */,
				F22F21632F4DC09E00A7551A /* AddExpenseView.swift */,
				F22F21652F4DC3A300A7551A /* ChartView.swift */,
				F22F21672F4DE4A600A7551A /* FilterView.swift */,
			);
			path = MainView;
			sourceTree = "<group>";
		};
		F2FAD9C82F4F2BC6006C31ED /* SettingsView */ = {
			isa = PBXGroup;
			children = (
				F2FAD9C12F4F21D0006C31ED /* SettingsView.swift */,
			);
			path = SettingsView;
			sourceTree = "<group>";
		};
		F2FAD9C92F4F2BDA006C31ED /* AuthView */ = {
			isa = PBXGroup;
			children = (
				F2FAD9BF2F4F13CE006C31ED /* AuthView.swift */,
			);
			path = AuthView;
			sourceTree = "<group>";
		};
/* End PBXGroup section */

/* Begin PBXNativeTarget section */
		F22F21102F4DB86B00A7551A /* FinancePanel */ = {
			isa = PBXNativeTarget;
			buildConfigurationList = F22F21322F4DB86D00A7551A /* Build configuration list for PBXNativeTarget "FinancePanel" */;
			buildPhases = (
				F22F210D2F4DB86B00A7551A /* Sources */,
				F22F210E2F4DB86B00A7551A /* Frameworks */,
				F22F210F2F4DB86B00A7551A /* Resources */,
			);
			buildRules = (
			);
			dependencies = (
			);
			name = FinancePanel;
			packageProductDependencies = (
			);
			productName = FinancePanel;
			productReference = F22F21112F4DB86B00A7551A /* FinancePanel.app */;
			productType = "com.apple.product-type.application";
		};
		F22F211D2F4DB86D00A7551A /* FinancePanelTests */ = {
			isa = PBXNativeTarget;
			buildConfigurationList = F22F21352F4DB86D00A7551A /* Build configuration list for PBXNativeTarget "FinancePanelTests" */;
			buildPhases = (
				F22F211A2F4DB86D00A7551A /* Sources */,
				F22F211B2F4DB86D00A7551A /* Frameworks */,
				F22F211C2F4DB86D00A7551A /* Resources */,
			);
			buildRules = (
			);
			dependencies = (
				F22F21202F4DB86D00A7551A /* PBXTargetDependency */,
			);
			name = FinancePanelTests;
			packageProductDependencies = (
			);
			productName = FinancePanelTests;
			productReference = F22F211E2F4DB86D00A7551A /* FinancePanelTests.xctest */;
			productType = "com.apple.product-type.bundle.unit-test";
		};
		F22F21272F4DB86D00A7551A /* FinancePanelUITests */ = {
			isa = PBXNativeTarget;
			buildConfigurationList = F22F21382F4DB86D00A7551A /* Build configuration list for PBXNativeTarget "FinancePanelUITests" */;
			buildPhases = (
				F22F21242F4DB86D00A7551A /* Sources */,
				F22F21252F4DB86D00A7551A /* Frameworks */,
				F22F21262F4DB86D00A7551A /* Resources */,
			);
			buildRules = (
			);
			dependencies = (
				F22F212A2F4DB86D00A7551A /* PBXTargetDependency */,
			);
			name = FinancePanelUITests;
			packageProductDependencies = (
			);
			productName = FinancePanelUITests;
			productReference = F22F21282F4DB86D00A7551A /* FinancePanelUITests.xctest */;
			productType = "com.apple.product-type.bundle.ui-testing";
		};
/* End PBXNativeTarget section */

/* Begin PBXProject section */
		F22F21092F4DB86B00A7551A /* Project object */ = {
			isa = PBXProject;
			attributes = {
				BuildIndependentTargetsInParallel = 1;
				LastSwiftUpdateCheck = 2620;
				LastUpgradeCheck = 2620;
				TargetAttributes = {
					F22F21102F4DB86B00A7551A = {
						CreatedOnToolsVersion = 26.2;
					};
					F22F211D2F4DB86D00A7551A = {
						CreatedOnToolsVersion = 26.2;
						TestTargetID = F22F21102F4DB86B00A7551A;
					};
					F22F21272F4DB86D00A7551A = {
						CreatedOnToolsVersion = 26.2;
						TestTargetID = F22F21102F4DB86B00A7551A;
					};
				};
			};
			buildConfigurationList = F22F210C2F4DB86B00A7551A /* Build configuration list for PBXProject "FinancePanel" */;
			developmentRegion = en;
			hasScannedForEncodings = 0;
			knownRegions = (
				en,
				Base,
			);
			mainGroup = F22F21082F4DB86B00A7551A;
			minimizedProjectReferenceProxies = 1;
			preferredProjectObjectVersion = 77;
			productRefGroup = F22F21122F4DB86B00A7551A /* Products */;
			projectDirPath = "";
			projectRoot = "";
			targets = (
				F22F21102F4DB86B00A7551A /* FinancePanel */,
				F22F211D2F4DB86D00A7551A /* FinancePanelTests */,
				F22F21272F4DB86D00A7551A /* FinancePanelUITests */,
			);
		};
/* End PBXProject section */

/* Begin PBXResourcesBuildPhase section */
		F22F210F2F4DB86B00A7551A /* Resources */ = {
			isa = PBXResourcesBuildPhase;
			buildActionMask = 2147483647;
			files = (
				F22F21522F4DBA2600A7551A /* Assets.xcassets in Resources */,
			);
			runOnlyForDeploymentPostprocessing = 0;
		};
		F22F211C2F4DB86D00A7551A /* Resources */ = {
			isa = PBXResourcesBuildPhase;
			buildActionMask = 2147483647;
			files = (
			);
			runOnlyForDeploymentPostprocessing = 0;
		};
		F22F21262F4DB86D00A7551A /* Resources */ = {
			isa = PBXResourcesBuildPhase;
			buildActionMask = 2147483647;
			files = (
			);
			runOnlyForDeploymentPostprocessing = 0;
		};
/* End PBXResourcesBuildPhase section */

/* Begin PBXSourcesBuildPhase section */
		F22F210D2F4DB86B00A7551A /* Sources */ = {
			isa = PBXSourcesBuildPhase;
			buildActionMask = 2147483647;
			files = (
				F22F21532F4DBA2600A7551A /* FinanceStore.swift in Sources */,
				F22F21542F4DBA2600A7551A /* FinancePanelApp.swift in Sources */,
				F22F21602F4DBC5600A7551A /* ExpenseListView.swift in Sources */,
				F22F21622F4DBD6C00A7551A /* SummeryCardView.swift in Sources */,
				F22F21682F4DE4A700A7551A /* FilterView.swift in Sources */,
				F22F21642F4DC09E00A7551A /* AddExpenseView.swift in Sources */,
				F22F21552F4DBA2600A7551A /* Expense.swift in Sources */,
				F22F21562F4DBA2600A7551A /* MainDashboard.swift in Sources */,
				F2FAD9C62F4F2BA3006C31ED /* SplashView.swift in Sources */,
				F22F21662F4DC3A300A7551A /* ChartView.swift in Sources */,
				F2FAD9C22F4F21D0006C31ED /* SettingsView.swift in Sources */,
				F2FAD9C02F4F13CE006C31ED /* AuthView.swift in Sources */,
				F2FAD9BE2F4F1321006C31ED /* AuthManager.swift in Sources */,
			);
			runOnlyForDeploymentPostprocessing = 0;
		};
		F22F211A2F4DB86D00A7551A /* Sources */ = {
			isa = PBXSourcesBuildPhase;
			buildActionMask = 2147483647;
			files = (
				F22F21592F4DBA2B00A7551A /* FinancePanelTests.swift in Sources */,
			);
			runOnlyForDeploymentPostprocessing = 0;
		};
		F22F21242F4DB86D00A7551A /* Sources */ = {
			isa = PBXSourcesBuildPhase;
			buildActionMask = 2147483647;
			files = (
				F22F215D2F4DBA2F00A7551A /* FinancePanelUITests.swift in Sources */,
				F22F215E2F4DBA2F00A7551A /* FinancePanelUITestsLaunchTests.swift in Sources */,
			);
			runOnlyForDeploymentPostprocessing = 0;
		};
/* End PBXSourcesBuildPhase section */

/* Begin PBXTargetDependency section */
		F22F21202F4DB86D00A7551A /* PBXTargetDependency */ = {
			isa = PBXTargetDependency;
			target = F22F21102F4DB86B00A7551A /* FinancePanel */;
			targetProxy = F22F211F2F4DB86D00A7551A /* PBXContainerItemProxy */;
		};
		F22F212A2F4DB86D00A7551A /* PBXTargetDependency */ = {
			isa = PBXTargetDependency;
			target = F22F21102F4DB86B00A7551A /* FinancePanel */;
			targetProxy = F22F21292F4DB86D00A7551A /* PBXContainerItemProxy */;
		};
/* End PBXTargetDependency section */

/* Begin XCBuildConfiguration section */
		F22F21302F4DB86D00A7551A /* Debug */ = {
			isa = XCBuildConfiguration;
			buildSettings = {
				ALWAYS_SEARCH_USER_PATHS = NO;
				ASSETCATALOG_COMPILER_GENERATE_SWIFT_ASSET_SYMBOL_EXTENSIONS = YES;
				CLANG_ANALYZER_NONNULL = YES;
				CLANG_ANALYZER_NUMBER_OBJECT_CONVERSION = YES_AGGRESSIVE;
				CLANG_CXX_LANGUAGE_STANDARD = "gnu++20";
				CLANG_ENABLE_MODULES = YES;
				CLANG_ENABLE_OBJC_ARC = YES;
				CLANG_ENABLE_OBJC_WEAK = YES;
				CLANG_WARN_BLOCK_CAPTURE_AUTORELEASING = YES;
				CLANG_WARN_BOOL_CONVERSION = YES;
				CLANG_WARN_COMMA = YES;
				CLANG_WARN_CONSTANT_CONVERSION = YES;
				CLANG_WARN_DEPRECATED_OBJC_IMPLEMENTATIONS = YES;
				CLANG_WARN_DIRECT_OBJC_ISA_USAGE = YES_ERROR;
				CLANG_WARN_DOCUMENTATION_COMMENTS = YES;
				CLANG_WARN_EMPTY_BODY = YES;
				CLANG_WARN_ENUM_CONVERSION = YES;
				CLANG_WARN_INFINITE_RECURSION = YES;
				CLANG_WARN_INT_CONVERSION = YES;
				CLANG_WARN_NON_LITERAL_NULL_CONVERSION = YES;
				CLANG_WARN_OBJC_IMPLICIT_RETAIN_SELF = YES;
				CLANG_WARN_OBJC_LITERAL_CONVERSION = YES;
				CLANG_WARN_OBJC_ROOT_CLASS = YES_ERROR;
				CLANG_WARN_QUOTED_INCLUDE_IN_FRAMEWORK_HEADER = YES;
				CLANG_WARN_RANGE_LOOP_ANALYSIS = YES;
				CLANG_WARN_STRICT_PROTOTYPES = YES;
				CLANG_WARN_SUSPICIOUS_MOVE = YES;
				CLANG_WARN_UNGUARDED_AVAILABILITY = YES_AGGRESSIVE;
				CLANG_WARN_UNREACHABLE_CODE = YES;
				CLANG_WARN__DUPLICATE_METHOD_MATCH = YES;
				COPY_PHASE_STRIP = NO;
				DEBUG_INFORMATION_FORMAT = dwarf;
				DEVELOPMENT_TEAM = N26XM7U465;
				ENABLE_STRICT_OBJC_MSGSEND = YES;
				ENABLE_TESTABILITY = YES;
				ENABLE_USER_SCRIPT_SANDBOXING = YES;
				GCC_C_LANGUAGE_STANDARD = gnu17;
				GCC_DYNAMIC_NO_PIC = NO;
				GCC_NO_COMMON_BLOCKS = YES;
				GCC_OPTIMIZATION_LEVEL = 0;
				GCC_PREPROCESSOR_DEFINITIONS = (
					"DEBUG=1",
					"$(inherited)",
				);
				GCC_WARN_64_TO_32_BIT_CONVERSION = YES;
				GCC_WARN_ABOUT_RETURN_TYPE = YES_ERROR;
				GCC_WARN_UNDECLARED_SELECTOR = YES;
				GCC_WARN_UNINITIALIZED_AUTOS = YES_AGGRESSIVE;
				GCC_WARN_UNUSED_FUNCTION = YES;
				GCC_WARN_UNUSED_VARIABLE = YES;
				IPHONEOS_DEPLOYMENT_TARGET = 26.2;
				LOCALIZATION_PREFERS_STRING_CATALOGS = YES;
				MTL_ENABLE_DEBUG_INFO = INCLUDE_SOURCE;
				MTL_FAST_MATH = YES;
				ONLY_ACTIVE_ARCH = YES;
				SDKROOT = iphoneos;
				SWIFT_ACTIVE_COMPILATION_CONDITIONS = "DEBUG $(inherited)";
				SWIFT_OPTIMIZATION_LEVEL = "-Onone";
			};
			name = Debug;
		};
		F22F21312F4DB86D00A7551A /* Release */ = {
			isa = XCBuildConfiguration;
			buildSettings = {
				ALWAYS_SEARCH_USER_PATHS = NO;
				ASSETCATALOG_COMPILER_GENERATE_SWIFT_ASSET_SYMBOL_EXTENSIONS = YES;
				CLANG_ANALYZER_NONNULL = YES;
				CLANG_ANALYZER_NUMBER_OBJECT_CONVERSION = YES_AGGRESSIVE;
				CLANG_CXX_LANGUAGE_STANDARD = "gnu++20";
				CLANG_ENABLE_MODULES = YES;
				CLANG_ENABLE_OBJC_ARC = YES;
				CLANG_ENABLE_OBJC_WEAK = YES;
				CLANG_WARN_BLOCK_CAPTURE_AUTORELEASING = YES;
				CLANG_WARN_BOOL_CONVERSION = YES;
				CLANG_WARN_COMMA = YES;
				CLANG_WARN_CONSTANT_CONVERSION = YES;
				CLANG_WARN_DEPRECATED_OBJC_IMPLEMENTATIONS = YES;
				CLANG_WARN_DIRECT_OBJC_ISA_USAGE = YES_ERROR;
				CLANG_WARN_DOCUMENTATION_COMMENTS = YES;
				CLANG_WARN_EMPTY_BODY = YES;
				CLANG_WARN_ENUM_CONVERSION = YES;
				CLANG_WARN_INFINITE_RECURSION = YES;
				CLANG_WARN_INT_CONVERSION = YES;
				CLANG_WARN_NON_LITERAL_NULL_CONVERSION = YES;
				CLANG_WARN_OBJC_IMPLICIT_RETAIN_SELF = YES;
				CLANG_WARN_OBJC_LITERAL_CONVERSION = YES;
				CLANG_WARN_OBJC_ROOT_CLASS = YES_ERROR;
				CLANG_WARN_QUOTED_INCLUDE_IN_FRAMEWORK_HEADER = YES;
				CLANG_WARN_RANGE_LOOP_ANALYSIS = YES;
				CLANG_WARN_STRICT_PROTOTYPES = YES;
				CLANG_WARN_SUSPICIOUS_MOVE = YES;
				CLANG_WARN_UNGUARDED_AVAILABILITY = YES_AGGRESSIVE;
				CLANG_WARN_UNREACHABLE_CODE = YES;
				CLANG_WARN__DUPLICATE_METHOD_MATCH = YES;
				COPY_PHASE_STRIP = NO;
				DEBUG_INFORMATION_FORMAT = "dwarf-with-dsym";
				DEVELOPMENT_TEAM = N26XM7U465;
				ENABLE_NS_ASSERTIONS = NO;
				ENABLE_STRICT_OBJC_MSGSEND = YES;
				ENABLE_USER_SCRIPT_SANDBOXING = YES;
				GCC_C_LANGUAGE_STANDARD = gnu17;
				GCC_NO_COMMON_BLOCKS = YES;
				GCC_WARN_64_TO_32_BIT_CONVERSION = YES;
				GCC_WARN_ABOUT_RETURN_TYPE = YES_ERROR;
				GCC_WARN_UNDECLARED_SELECTOR = YES;
				GCC_WARN_UNINITIALIZED_AUTOS = YES_AGGRESSIVE;
				GCC_WARN_UNUSED_FUNCTION = YES;
				GCC_WARN_UNUSED_VARIABLE = YES;
				IPHONEOS_DEPLOYMENT_TARGET = 26.2;
				LOCALIZATION_PREFERS_STRING_CATALOGS = YES;
				MTL_ENABLE_DEBUG_INFO = NO;
				MTL_FAST_MATH = YES;
				SDKROOT = iphoneos;
				SWIFT_COMPILATION_MODE = wholemodule;
				VALIDATE_PRODUCT = YES;
			};
			name = Release;
		};
		F22F21332F4DB86D00A7551A /* Debug */ = {
			isa = XCBuildConfiguration;
			buildSettings = {
				ASSETCATALOG_COMPILER_APPICON_NAME = AppIcon;
				ASSETCATALOG_COMPILER_GLOBAL_ACCENT_COLOR_NAME = AccentColor;
				CODE_SIGN_STYLE = Automatic;
				CURRENT_PROJECT_VERSION = 1;
				DEVELOPMENT_TEAM = N26XM7U465;
				ENABLE_PREVIEWS = YES;
				GENERATE_INFOPLIST_FILE = YES;
				INFOPLIST_KEY_UIApplicationSceneManifest_Generation = YES;
				INFOPLIST_KEY_UIApplicationSupportsIndirectInputEvents = YES;
				INFOPLIST_KEY_UILaunchScreen_Generation = YES;
				INFOPLIST_KEY_UISupportedInterfaceOrientations_iPad = "UIInterfaceOrientationPortrait UIInterfaceOrientationPortraitUpsideDown UIInterfaceOrientationLandscapeLeft UIInterfaceOrientationLandscapeRight";
				INFOPLIST_KEY_UISupportedInterfaceOrientations_iPhone = "UIInterfaceOrientationPortrait UIInterfaceOrientationLandscapeLeft UIInterfaceOrientationLandscapeRight";
				LD_RUNPATH_SEARCH_PATHS = (
					"$(inherited)",
					"@executable_path/Frameworks",
				);
				MARKETING_VERSION = 1.0;
				PRODUCT_BUNDLE_IDENTIFIER = com.coder.test.FinancePanel;
				PRODUCT_NAME = "$(TARGET_NAME)";
				STRING_CATALOG_GENERATE_SYMBOLS = YES;
				SWIFT_APPROACHABLE_CONCURRENCY = YES;
				SWIFT_DEFAULT_ACTOR_ISOLATION = MainActor;
				SWIFT_EMIT_LOC_STRINGS = YES;
				SWIFT_UPCOMING_FEATURE_MEMBER_IMPORT_VISIBILITY = YES;
				SWIFT_VERSION = 5.0;
				TARGETED_DEVICE_FAMILY = "1,2";
			};
			name = Debug;
		};
		F22F21342F4DB86D00A7551A /* Release */ = {
			isa = XCBuildConfiguration;
			buildSettings = {
				ASSETCATALOG_COMPILER_APPICON_NAME = AppIcon;
				ASSETCATALOG_COMPILER_GLOBAL_ACCENT_COLOR_NAME = AccentColor;
				CODE_SIGN_STYLE = Automatic;
				CURRENT_PROJECT_VERSION = 1;
				DEVELOPMENT_TEAM = N26XM7U465;
				ENABLE_PREVIEWS = YES;
				GENERATE_INFOPLIST_FILE = YES;
				INFOPLIST_KEY_UIApplicationSceneManifest_Generation = YES;
				INFOPLIST_KEY_UIApplicationSupportsIndirectInputEvents = YES;
				INFOPLIST_KEY_UILaunchScreen_Generation = YES;
				INFOPLIST_KEY_UISupportedInterfaceOrientations_iPad = "UIInterfaceOrientationPortrait UIInterfaceOrientationPortraitUpsideDown UIInterfaceOrientationLandscapeLeft UIInterfaceOrientationLandscapeRight";
				INFOPLIST_KEY_UISupportedInterfaceOrientations_iPhone = "UIInterfaceOrientationPortrait UIInterfaceOrientationLandscapeLeft UIInterfaceOrientationLandscapeRight";
				LD_RUNPATH_SEARCH_PATHS = (
					"$(inherited)",
					"@executable_path/Frameworks",
				);
				MARKETING_VERSION = 1.0;
				PRODUCT_BUNDLE_IDENTIFIER = com.coder.test.FinancePanel;
				PRODUCT_NAME = "$(TARGET_NAME)";
				STRING_CATALOG_GENERATE_SYMBOLS = YES;
				SWIFT_APPROACHABLE_CONCURRENCY = YES;
				SWIFT_DEFAULT_ACTOR_ISOLATION = MainActor;
				SWIFT_EMIT_LOC_STRINGS = YES;
				SWIFT_UPCOMING_FEATURE_MEMBER_IMPORT_VISIBILITY = YES;
				SWIFT_VERSION = 5.0;
				TARGETED_DEVICE_FAMILY = "1,2";
			};
			name = Release;
		};
		F22F21362F4DB86D00A7551A /* Debug */ = {
			isa = XCBuildConfiguration;
			buildSettings = {
				BUNDLE_LOADER = "$(TEST_HOST)";
				CODE_SIGN_STYLE = Automatic;
				CURRENT_PROJECT_VERSION = 1;
				DEVELOPMENT_TEAM = N26XM7U465;
				GENERATE_INFOPLIST_FILE = YES;
				IPHONEOS_DEPLOYMENT_TARGET = 26.2;
				MARKETING_VERSION = 1.0;
				PRODUCT_BUNDLE_IDENTIFIER = com.coder.test.FinancePanelTests;
				PRODUCT_NAME = "$(TARGET_NAME)";
				STRING_CATALOG_GENERATE_SYMBOLS = NO;
				SWIFT_APPROACHABLE_CONCURRENCY = YES;
				SWIFT_EMIT_LOC_STRINGS = NO;
				SWIFT_UPCOMING_FEATURE_MEMBER_IMPORT_VISIBILITY = YES;
				SWIFT_VERSION = 5.0;
				TARGETED_DEVICE_FAMILY = "1,2";
				TEST_HOST = "$(BUILT_PRODUCTS_DIR)/FinancePanel.app/$(BUNDLE_EXECUTABLE_FOLDER_PATH)/FinancePanel";
			};
			name = Debug;
		};
		F22F21372F4DB86D00A7551A /* Release */ = {
			isa = XCBuildConfiguration;
			buildSettings = {
				BUNDLE_LOADER = "$(TEST_HOST)";
				CODE_SIGN_STYLE = Automatic;
				CURRENT_PROJECT_VERSION = 1;
				DEVELOPMENT_TEAM = N26XM7U465;
				GENERATE_INFOPLIST_FILE = YES;
				IPHONEOS_DEPLOYMENT_TARGET = 26.2;
				MARKETING_VERSION = 1.0;
				PRODUCT_BUNDLE_IDENTIFIER = com.coder.test.FinancePanelTests;
				PRODUCT_NAME = "$(TARGET_NAME)";
				STRING_CATALOG_GENERATE_SYMBOLS = NO;
				SWIFT_APPROACHABLE_CONCURRENCY = YES;
				SWIFT_EMIT_LOC_STRINGS = NO;
				SWIFT_UPCOMING_FEATURE_MEMBER_IMPORT_VISIBILITY = YES;
				SWIFT_VERSION = 5.0;
				TARGETED_DEVICE_FAMILY = "1,2";
				TEST_HOST = "$(BUILT_PRODUCTS_DIR)/FinancePanel.app/$(BUNDLE_EXECUTABLE_FOLDER_PATH)/FinancePanel";
			};
			name = Release;
		};
		F22F21392F4DB86D00A7551A /* Debug */ = {
			isa = XCBuildConfiguration;
			buildSettings = {
				CODE_SIGN_STYLE = Automatic;
				CURRENT_PROJECT_VERSION = 1;
				DEVELOPMENT_TEAM = N26XM7U465;
				GENERATE_INFOPLIST_FILE = YES;
				MARKETING_VERSION = 1.0;
				PRODUCT_BUNDLE_IDENTIFIER = com.coder.test.FinancePanelUITests;
				PRODUCT_NAME = "$(TARGET_NAME)";
				STRING_CATALOG_GENERATE_SYMBOLS = NO;
				SWIFT_APPROACHABLE_CONCURRENCY = YES;
				SWIFT_EMIT_LOC_STRINGS = NO;
				SWIFT_UPCOMING_FEATURE_MEMBER_IMPORT_VISIBILITY = YES;
				SWIFT_VERSION = 5.0;
				TARGETED_DEVICE_FAMILY = "1,2";
				TEST_TARGET_NAME = FinancePanel;
			};
			name = Debug;
		};
		F22F213A2F4DB86D00A7551A /* Release */ = {
			isa = XCBuildConfiguration;
			buildSettings = {
				CODE_SIGN_STYLE = Automatic;
				CURRENT_PROJECT_VERSION = 1;
				DEVELOPMENT_TEAM = N26XM7U465;
				GENERATE_INFOPLIST_FILE = YES;
				MARKETING_VERSION = 1.0;
				PRODUCT_BUNDLE_IDENTIFIER = com.coder.test.FinancePanelUITests;
				PRODUCT_NAME = "$(TARGET_NAME)";
				STRING_CATALOG_GENERATE_SYMBOLS = NO;
				SWIFT_APPROACHABLE_CONCURRENCY = YES;
				SWIFT_EMIT_LOC_STRINGS = NO;
				SWIFT_UPCOMING_FEATURE_MEMBER_IMPORT_VISIBILITY = YES;
				SWIFT_VERSION = 5.0;
				TARGETED_DEVICE_FAMILY = "1,2";
				TEST_TARGET_NAME = FinancePanel;
			};
			name = Release;
		};
/* End XCBuildConfiguration section */

/* Begin XCConfigurationList section */
		F22F210C2F4DB86B00A7551A /* Build configuration list for PBXProject "FinancePanel" */ = {
			isa = XCConfigurationList;
			buildConfigurations = (
				F22F21302F4DB86D00A7551A /* Debug */,
				F22F21312F4DB86D00A7551A /* Release */,
			);
			defaultConfigurationIsVisible = 0;
			defaultConfigurationName = Release;
		};
		F22F21322F4DB86D00A7551A /* Build configuration list for PBXNativeTarget "FinancePanel" */ = {
			isa = XCConfigurationList;
			buildConfigurations = (
				F22F21332F4DB86D00A7551A /* Debug */,
				F22F21342F4DB86D00A7551A /* Release */,
			);
			defaultConfigurationIsVisible = 0;
			defaultConfigurationName = Release;
		};
		F22F21352F4DB86D00A7551A /* Build configuration list for PBXNativeTarget "FinancePanelTests" */ = {
			isa = XCConfigurationList;
			buildConfigurations = (
				F22F21362F4DB86D00A7551A /* Debug */,
				F22F21372F4DB86D00A7551A /* Release */,
			);
			defaultConfigurationIsVisible = 0;
			defaultConfigurationName = Release;
		};
		F22F21382F4DB86D00A7551A /* Build configuration list for PBXNativeTarget "FinancePanelUITests" */ = {
			isa = XCConfigurationList;
			buildConfigurations = (
				F22F21392F4DB86D00A7551A /* Debug */,
				F22F213A2F4DB86D00A7551A /* Release */,
			);
			defaultConfigurationIsVisible = 0;
			defaultConfigurationName = Release;
		};
/* End XCConfigurationList section */
	};
	rootObject = F22F21092F4DB86B00A7551A /* Project object */;
}
